
Microsoft Visual Studio Solution File, Format Version 12.00
# Visual Studio Version 16
VisualStudioVersion = 16.0.31702.278
MinimumVisualStudioVersion = 10.0.40219.1
Project("{FAE04EC0-301F-11D3-BF4B-00C04F79EFBC}") = "ClientRest_20190140035_SekarPutriRetno", "ClientRest_20190140035_SekarPutriRetno\ClientRest_20190140035_SekarPutriRetno.csproj", "{C0D5CC14-ECCB-408F-9FFE-71C5133BE212}"
EndProject
Global
	GlobalSection(SolutionConfigurationPlatforms) = preSolution
		Debug|Any CPU = Debug|Any CPU
		Release|Any CPU = Release|Any CPU
	EndGlobalSection
	GlobalSection(ProjectConfigurationPlatforms) = postSolution
		{C0D5CC14-ECCB-408F-9FFE-71C5133BE212}.Debug|Any CPU.ActiveCfg = Debug|Any CPU
		{C0D5CC14-ECCB-408F-9FFE-71C5133BE212}.Debug|Any CPU.Build.0 = Debug|Any CPU
		{C0D5CC14-ECCB-408F-9FFE-71C5133BE212}.Release|Any CPU.ActiveCfg = Release|Any CPU
		{C0D5CC14-ECCB-408F-9FFE-71C5133BE212}.Release|Any CPU.Build.0 = Release|Any CPU
	EndGlobalSection
	GlobalSection(SolutionProperties) = preSolution
		HideSolutionNode = FALSE
	EndGlobalSection
	GlobalSection(ExtensibilityGlobals) = postSolution
		SolutionGuid = {DD8C41FD-C251-4266-8DED-ED3BD51A2ACA}
	EndGlobalSection
EndGlobal
